
Microsoft Visual Studio Solution File, Format Version 12.00
# Visual Studio 15
VisualStudioVersion = 15.0.28307.421
MinimumVisualStudioVersion = 10.0.40219.1
Project("{FAE04EC0-301F-11D3-BF4B-00C04F79EFBC}") = "Catan", "Catan.csproj", "{BFD4E464-2D7D-4872-975A-E153D5637EA1}"
EndProject
Project("{FAE04EC0-301F-11D3-BF4B-00C04F79EFBC}") = "Test", "..\Test\Test.csproj", "{0C85EABA-6B77-4D2D-A52E-0FEC97BDBAF1}"
EndProject
Global
	GlobalSection(SolutionConfigurationPlatforms) = preSolution
		Debug|Any CPU = Debug|Any CPU
		Release|Any CPU = Release|Any CPU
	EndGlobalSection
	GlobalSection(ProjectConfigurationPlatforms) = postSolution
		{BFD4E464-2D7D-4872-975A-E153D5637EA1}.Debug|Any CPU.ActiveCfg = Debug|Any CPU
		{BFD4E464-2D7D-4872-975A-E153D5637EA1}.Debug|Any CPU.Build.0 = Debug|Any CPU
		{BFD4E464-2D7D-4872-975A-E153D5637EA1}.Release|Any CPU.ActiveCfg = Release|Any CPU
		{BFD4E464-2D7D-4872-975A-E153D5637EA1}.Release|Any CPU.Build.0 = Release|Any CPU
		{0C85EABA-6B77-4D2D-A52E-0FEC97BDBAF1}.Debug|Any CPU.ActiveCfg = Debug|Any CPU
		{0C85EABA-6B77-4D2D-A52E-0FEC97BDBAF1}.Debug|Any CPU.Build.0 = Debug|Any CPU
		{0C85EABA-6B77-4D2D-A52E-0FEC97BDBAF1}.Release|Any CPU.ActiveCfg = Release|Any CPU
		{0C85EABA-6B77-4D2D-A52E-0FEC97BDBAF1}.Release|Any CPU.Build.0 = Release|Any CPU
	EndGlobalSection
	GlobalSection(SolutionProperties) = preSolution
		HideSolutionNode = FALSE
	EndGlobalSection
	GlobalSection(ExtensibilityGlobals) = postSolution
		SolutionGuid = {05E75A14-569A-4DA1-A7AF-96FF9DD3D515}
	EndGlobalSection
EndGlobal
